
Microsoft Visual Studio Solution File, Format Version 12.00
# Visual Studio Version 17
VisualStudioVersion = 17.1.32407.343
MinimumVisualStudioVersion = 10.0.40219.1
Project("{FAE04EC0-301F-11D3-BF4B-00C04F79EFBC}") = "TCVariablesExercise", "TCVariablesExercise\TCVariablesExercise.csproj", "{EB1899CC-805C-431C-A50E-B19161ACD1D1}"
EndProject
Global
	GlobalSection(SolutionConfigurationPlatforms) = preSolution
		Debug|Any CPU = Debug|Any CPU
		Release|Any CPU = Release|Any CPU
	EndGlobalSection
	GlobalSection(ProjectConfigurationPlatforms) = postSolution
		{EB1899CC-805C-431C-A50E-B19161ACD1D1}.Debug|Any CPU.ActiveCfg = Debug|Any CPU
		{EB1899CC-805C-431C-A50E-B19161ACD1D1}.Debug|Any CPU.Build.0 = Debug|Any CPU
		{EB1899CC-805C-431C-A50E-B19161ACD1D1}.Release|Any CPU.ActiveCfg = Release|Any CPU
		{EB1899CC-805C-431C-A50E-B19161ACD1D1}.Release|Any CPU.Build.0 = Release|Any CPU
	EndGlobalSection
	GlobalSection(SolutionProperties) = preSolution
		HideSolutionNode = FALSE
	EndGlobalSection
	GlobalSection(ExtensibilityGlobals) = postSolution
		SolutionGuid = {67DE62C5-BF54-4387-8FB2-D289C2D49C68}
	EndGlobalSection
EndGlobal
